// !$*UTF8*$!
{
	archiveVersion = 1;
	classes = {
	};
	objectVersion = 50;
	objects = {

/* Begin PBXBuildFile section */
		04845A44216E362100705C99 /* fire.sks in Resources */ = {isa = PBXBuildFile; fileRef = 04845A43216E362100705C99 /* fire.sks */; };
		04845A48216E49EA00705C99 /* RayBullet.swift in Sources */ = {isa = PBXBuildFile; fileRef = 04845A47216E49EA00705C99 /* RayBullet.swift */; };
		04845A4A216E4A1E00705C99 /* PathGenerator.swift in Sources */ = {isa = PBXBuildFile; fileRef = 04845A49216E4A1E00705C99 /* PathGenerator.swift */; };
		04845A4C216E513600705C99 /* Hero.swift in Sources */ = {isa = PBXBuildFile; fileRef = 04845A4B216E513600705C99 /* Hero.swift */; };
		8C9664EB216DE8EB0057E4E0 /* AppDelegate.swift in Sources */ = {isa = PBXBuildFile; fileRef = 8C9664EA216DE8EB0057E4E0 /* AppDelegate.swift */; };
		8C9664ED216DE8EB0057E4E0 /* GameScene.sks in Resources */ = {isa = PBXBuildFile; fileRef = 8C9664EC216DE8EB0057E4E0 /* GameScene.sks */; };
		8C9664EF216DE8EB0057E4E0 /* Actions.sks in Resources */ = {isa = PBXBuildFile; fileRef = 8C9664EE216DE8EB0057E4E0 /* Actions.sks */; };
		8C9664F1216DE8EB0057E4E0 /* GameScene.swift in Sources */ = {isa = PBXBuildFile; fileRef = 8C9664F0216DE8EB0057E4E0 /* GameScene.swift */; };
		8C9664F3216DE8EB0057E4E0 /* GameViewController.swift in Sources */ = {isa = PBXBuildFile; fileRef = 8C9664F2216DE8EB0057E4E0 /* GameViewController.swift */; };
		8C9664F6216DE8EB0057E4E0 /* Main.storyboard in Resources */ = {isa = PBXBuildFile; fileRef = 8C9664F4216DE8EB0057E4E0 /* Main.storyboard */; };
		8C9664F8216DE8ED0057E4E0 /* Assets.xcassets in Resources */ = {isa = PBXBuildFile; fileRef = 8C9664F7216DE8ED0057E4E0 /* Assets.xcassets */; };
		8C9664FB216DE8ED0057E4E0 /* LaunchScreen.storyboard in Resources */ = {isa = PBXBuildFile; fileRef = 8C9664F9216DE8ED0057E4E0 /* LaunchScreen.storyboard */; };
		8C966506216DE8EE0057E4E0 /* RayBulletDemoTests.swift in Sources */ = {isa = PBXBuildFile; fileRef = 8C966505216DE8EE0057E4E0 /* RayBulletDemoTests.swift */; };
		8C966511216DF2DC0057E4E0 /* rayBullet.fsh in Resources */ = {isa = PBXBuildFile; fileRef = 8C966510216DF2DC0057E4E0 /* rayBullet.fsh */; };
		8CDDE017216EE53A0037CA7D /* SKColor+Extensions.swift in Sources */ = {isa = PBXBuildFile; fileRef = 8CDDE00B216EE53A0037CA7D /* SKColor+Extensions.swift */; };
		8CDDE018216EE53A0037CA7D /* CGVector+Extensions.swift in Sources */ = {isa = PBXBuildFile; fileRef = 8CDDE00C216EE53A0037CA7D /* CGVector+Extensions.swift */; };
		8CDDE019216EE53A0037CA7D /* Int+Extensions.swift in Sources */ = {isa = PBXBuildFile; fileRef = 8CDDE00D216EE53A0037CA7D /* Int+Extensions.swift */; };
		8CDDE01A216EE53A0037CA7D /* SKTTimingFunctions.swift in Sources */ = {isa = PBXBuildFile; fileRef = 8CDDE00E216EE53A0037CA7D /* SKTTimingFunctions.swift */; };
		8CDDE01B216EE53A0037CA7D /* SKAction+Extensions.swift in Sources */ = {isa = PBXBuildFile; fileRef = 8CDDE00F216EE53A0037CA7D /* SKAction+Extensions.swift */; };
		8CDDE01C216EE53A0037CA7D /* SKAction+SpecialEffects.swift in Sources */ = {isa = PBXBuildFile; fileRef = 8CDDE010216EE53A0037CA7D /* SKAction+SpecialEffects.swift */; };
		8CDDE01D216EE53A0037CA7D /* SKNode+Extensions.swift in Sources */ = {isa = PBXBuildFile; fileRef = 8CDDE011216EE53A0037CA7D /* SKNode+Extensions.swift */; };
		8CDDE01E216EE53A0037CA7D /* CGPoint+Extensions.swift in Sources */ = {isa = PBXBuildFile; fileRef = 8CDDE012216EE53A0037CA7D /* CGPoint+Extensions.swift */; };
		8CDDE01F216EE53A0037CA7D /* SKTEffects.swift in Sources */ = {isa = PBXBuildFile; fileRef = 8CDDE013216EE53A0037CA7D /* SKTEffects.swift */; };
		8CDDE020216EE53A0037CA7D /* SKTAudio.swift in Sources */ = {isa = PBXBuildFile; fileRef = 8CDDE014216EE53A0037CA7D /* SKTAudio.swift */; };
		8CDDE021216EE53A0037CA7D /* Vector3.swift in Sources */ = {isa = PBXBuildFile; fileRef = 8CDDE015216EE53A0037CA7D /* Vector3.swift */; };
		8CDDE022216EE53A0037CA7D /* CGFloat+Extensions.swift in Sources */ = {isa = PBXBuildFile; fileRef = 8CDDE016216EE53A0037CA7D /* CGFloat+Extensions.swift */; };
		8CDDE024216F2AEF0037CA7D /* SpriteManager.swift in Sources */ = {isa = PBXBuildFile; fileRef = 8CDDE023216F2AEF0037CA7D /* SpriteManager.swift */; };
		8CDDE026216F306E0037CA7D /* PhysicsDefine.swift in Sources */ = {isa = PBXBuildFile; fileRef = 8CDDE025216F306E0037CA7D /* PhysicsDefine.swift */; };
		8CDDE02C216F3F6D0037CA7D /* Enemy.swift in Sources */ = {isa = PBXBuildFile; fileRef = 8CDDE02B216F3F6D0037CA7D /* Enemy.swift */; };
/* End PBXBuildFile section */

/* Begin PBXContainerItemProxy section */
		8C966502216DE8EE0057E4E0 /* PBXContainerItemProxy */ = {
			isa = PBXContainerItemProxy;
			containerPortal = 8C9664DF216DE8EB0057E4E0 /* Project object */;
			proxyType = 1;
			remoteGlobalIDString = 8C9664E6216DE8EB0057E4E0;
			remoteInfo = RayBulletDemo;
		};
/* End PBXContainerItemProxy section */

/* Begin PBXFileReference section */
		04845A43216E362100705C99 /* fire.sks */ = {isa = PBXFileReference; lastKnownFileType = file.sks; path = fire.sks; sourceTree = "<group>"; };
		04845A47216E49EA00705C99 /* RayBullet.swift */ = {isa = PBXFileReference; lastKnownFileType = sourcecode.swift; path = RayBullet.swift; sourceTree = "<group>"; };
		04845A49216E4A1E00705C99 /* PathGenerator.swift */ = {isa = PBXFileReference; lastKnownFileType = sourcecode.swift; path = PathGenerator.swift; sourceTree = "<group>"; };
		04845A4B216E513600705C99 /* Hero.swift */ = {isa = PBXFileReference; lastKnownFileType = sourcecode.swift; path = Hero.swift; sourceTree = "<group>"; };
		8C9664E7216DE8EB0057E4E0 /* RayBulletDemo.app */ = {isa = PBXFileReference; explicitFileType = wrapper.application; includeInIndex = 0; path = RayBulletDemo.app; sourceTree = BUILT_PRODUCTS_DIR; };
		8C9664EA216DE8EB0057E4E0 /* AppDelegate.swift */ = {isa = PBXFileReference; lastKnownFileType = sourcecode.swift; path = AppDelegate.swift; sourceTree = "<group>"; };
		8C9664EC216DE8EB0057E4E0 /* GameScene.sks */ = {isa = PBXFileReference; lastKnownFileType = file.sks; path = GameScene.sks; sourceTree = "<group>"; };
		8C9664EE216DE8EB0057E4E0 /* Actions.sks */ = {isa = PBXFileReference; lastKnownFileType = file.sks; path = Actions.sks; sourceTree = "<group>"; };
		8C9664F0216DE8EB0057E4E0 /* GameScene.swift */ = {isa = PBXFileReference; lastKnownFileType = sourcecode.swift; path = GameScene.swift; sourceTree = "<group>"; };
		8C9664F2216DE8EB0057E4E0 /* GameViewController.swift */ = {isa = PBXFileReference; lastKnownFileType = sourcecode.swift; path = GameViewController.swift; sourceTree = "<group>"; };
		8C9664F5216DE8EB0057E4E0 /* Base */ = {isa = PBXFileReference; lastKnownFileType = file.storyboard; name = Base; path = Base.lproj/Main.storyboard; sourceTree = "<group>"; };
		8C9664F7216DE8ED0057E4E0 /* Assets.xcassets */ = {isa = PBXFileReference; lastKnownFileType = folder.assetcatalog; path = Assets.xcassets; sourceTree = "<group>"; };
		8C9664FA216DE8ED0057E4E0 /* Base */ = {isa = PBXFileReference; lastKnownFileType = file.storyboard; name = Base; path = Base.lproj/LaunchScreen.storyboard; sourceTree = "<group>"; };
		8C9664FC216DE8ED0057E4E0 /* Info.plist */ = {isa = PBXFileReference; lastKnownFileType = text.plist.xml; path = Info.plist; sourceTree = "<group>"; };
		8C966501216DE8EE0057E4E0 /* RayBulletDemoTests.xctest */ = {isa = PBXFileReference; explicitFileType = wrapper.cfbundle; includeInIndex = 0; path = RayBulletDemoTests.xctest; sourceTree = BUILT_PRODUCTS_DIR; };
		8C966505216DE8EE0057E4E0 /* RayBulletDemoTests.swift */ = {isa = PBXFileReference; lastKnownFileType = sourcecode.swift; path = RayBulletDemoTests.swift; sourceTree = "<group>"; };
		8C966507216DE8EE0057E4E0 /* Info.plist */ = {isa = PBXFileReference; lastKnownFileType = text.plist.xml; path = Info.plist; sourceTree = "<group>"; };
		8C966510216DF2DC0057E4E0 /* rayBullet.fsh */ = {isa = PBXFileReference; lastKnownFileType = sourcecode.glsl; path = rayBullet.fsh; sourceTree = "<group>"; };
		8CDDE00B216EE53A0037CA7D /* SKColor+Extensions.swift */ = {isa = PBXFileReference; fileEncoding = 4; lastKnownFileType = sourcecode.swift; path = "SKColor+Extensions.swift"; sourceTree = "<group>"; };
		8CDDE00C216EE53A0037CA7D /* CGVector+Extensions.swift */ = {isa = PBXFileReference; fileEncoding = 4; lastKnownFileType = sourcecode.swift; path = "CGVector+Extensions.swift"; sourceTree = "<group>"; };
		8CDDE00D216EE53A0037CA7D /* Int+Extensions.swift */ = {isa = PBXFileReference; fileEncoding = 4; lastKnownFileType = sourcecode.swift; path = "Int+Extensions.swift"; sourceTree = "<group>"; };
		8CDDE00E216EE53A0037CA7D /* SKTTimingFunctions.swift */ = {isa = PBXFileReference; fileEncoding = 4; lastKnownFileType = sourcecode.swift; path = SKTTimingFunctions.swift; sourceTree = "<group>"; };
		8CDDE00F216EE53A0037CA7D /* SKAction+Extensions.swift */ = {isa = PBXFileReference; fileEncoding = 4; lastKnownFileType = sourcecode.swift; path = "SKAction+Extensions.swift"; sourceTree = "<group>"; };
		8CDDE010216EE53A0037CA7D /* SKAction+SpecialEffects.swift */ = {isa = PBXFileReference; fileEncoding = 4; lastKnownFileType = sourcecode.swift; path = "SKAction+SpecialEffects.swift"; sourceTree = "<group>"; };
		8CDDE011216EE53A0037CA7D /* SKNode+Extensions.swift */ = {isa = PBXFileReference; fileEncoding = 4; lastKnownFileType = sourcecode.swift; path = "SKNode+Extensions.swift"; sourceTree = "<group>"; };
		8CDDE012216EE53A0037CA7D /* CGPoint+Extensions.swift */ = {isa = PBXFileReference; fileEncoding = 4; lastKnownFileType = sourcecode.swift; path = "CGPoint+Extensions.swift"; sourceTree = "<group>"; };
		8CDDE013216EE53A0037CA7D /* SKTEffects.swift */ = {isa = PBXFileReference; fileEncoding = 4; lastKnownFileType = sourcecode.swift; path = SKTEffects.swift; sourceTree = "<group>"; };
		8CDDE014216EE53A0037CA7D /* SKTAudio.swift */ = {isa = PBXFileReference; fileEncoding = 4; lastKnownFileType = sourcecode.swift; path = SKTAudio.swift; sourceTree = "<group>"; };
		8CDDE015216EE53A0037CA7D /* Vector3.swift */ = {isa = PBXFileReference; fileEncoding = 4; lastKnownFileType = sourcecode.swift; path = Vector3.swift; sourceTree = "<group>"; };
		8CDDE016216EE53A0037CA7D /* CGFloat+Extensions.swift */ = {isa = PBXFileReference; fileEncoding = 4; lastKnownFileType = sourcecode.swift; path = "CGFloat+Extensions.swift"; sourceTree = "<group>"; };
		8CDDE023216F2AEF0037CA7D /* SpriteManager.swift */ = {isa = PBXFileReference; lastKnownFileType = sourcecode.swift; path = SpriteManager.swift; sourceTree = "<group>"; };
		8CDDE025216F306E0037CA7D /* PhysicsDefine.swift */ = {isa = PBXFileReference; lastKnownFileType = sourcecode.swift; path = PhysicsDefine.swift; sourceTree = "<group>"; };
		8CDDE02B216F3F6D0037CA7D /* Enemy.swift */ = {isa = PBXFileReference; lastKnownFileType = sourcecode.swift; path = Enemy.swift; sourceTree = "<group>"; };
/* End PBXFileReference section */

/* Begin PBXFrameworksBuildPhase section */
		8C9664E4216DE8EB0057E4E0 /* Frameworks */ = {
			isa = PBXFrameworksBuildPhase;
			buildActionMask = 2147483647;
			files = (
			);
			runOnlyForDeploymentPostprocessing = 0;
		};
		8C9664FE216DE8EE0057E4E0 /* Frameworks */ = {
			isa = PBXFrameworksBuildPhase;
			buildActionMask = 2147483647;
			files = (
			);
			runOnlyForDeploymentPostprocessing = 0;
		};
/* End PBXFrameworksBuildPhase section */

/* Begin PBXGroup section */
		8C9664DE216DE8EB0057E4E0 = {
			isa = PBXGroup;
			children = (
				8C9664E9216DE8EB0057E4E0 /* RayBulletDemo */,
				8C966504216DE8EE0057E4E0 /* RayBulletDemoTests */,
				8C9664E8216DE8EB0057E4E0 /* Products */,
			);
			sourceTree = "<group>";
		};
		8C9664E8216DE8EB0057E4E0 /* Products */ = {
			isa = PBXGroup;
			children = (
				8C9664E7216DE8EB0057E4E0 /* RayBulletDemo.app */,
				8C966501216DE8EE0057E4E0 /* RayBulletDemoTests.xctest */,
			);
			name = Products;
			sourceTree = "<group>";
		};
		8C9664E9216DE8EB0057E4E0 /* RayBulletDemo */ = {
			isa = PBXGroup;
			children = (
				8CDDE00A216EE53A0037CA7D /* SKTUtils */,
				8C9664EA216DE8EB0057E4E0 /* AppDelegate.swift */,
				8C9664EC216DE8EB0057E4E0 /* GameScene.sks */,
				8C9664EE216DE8EB0057E4E0 /* Actions.sks */,
				8C9664F0216DE8EB0057E4E0 /* GameScene.swift */,
				8C9664F2216DE8EB0057E4E0 /* GameViewController.swift */,
				8C9664F4216DE8EB0057E4E0 /* Main.storyboard */,
				8C9664F7216DE8ED0057E4E0 /* Assets.xcassets */,
				8C9664F9216DE8ED0057E4E0 /* LaunchScreen.storyboard */,
				8C9664FC216DE8ED0057E4E0 /* Info.plist */,
				8C966510216DF2DC0057E4E0 /* rayBullet.fsh */,
				04845A43216E362100705C99 /* fire.sks */,
				04845A47216E49EA00705C99 /* RayBullet.swift */,
				04845A49216E4A1E00705C99 /* PathGenerator.swift */,
				04845A4B216E513600705C99 /* Hero.swift */,
				8CDDE023216F2AEF0037CA7D /* SpriteManager.swift */,
				8CDDE025216F306E0037CA7D /* PhysicsDefine.swift */,
				8CDDE02B216F3F6D0037CA7D /* Enemy.swift */,
			);
			path = RayBulletDemo;
			sourceTree = "<group>";
		};
		8C966504216DE8EE0057E4E0 /* RayBulletDemoTests */ = {
			isa = PBXGroup;
			children = (
				8C966505216DE8EE0057E4E0 /* RayBulletDemoTests.swift */,
				8C966507216DE8EE0057E4E0 /* Info.plist */,
			);
			path = RayBulletDemoTests;
			sourceTree = "<group>";
		};
		8CDDE00A216EE53A0037CA7D /* SKTUtils */ = {
			isa = PBXGroup;
			children = (
				8CDDE00B216EE53A0037CA7D /* SKColor+Extensions.swift */,
				8CDDE00C216EE53A0037CA7D /* CGVector+Extensions.swift */,
				8CDDE00D216EE53A0037CA7D /* Int+Extensions.swift */,
				8CDDE00E216EE53A0037CA7D /* SKTTimingFunctions.swift */,
				8CDDE00F216EE53A0037CA7D /* SKAction+Extensions.swift */,
				8CDDE010216EE53A0037CA7D /* SKAction+SpecialEffects.swift */,
				8CDDE011216EE53A0037CA7D /* SKNode+Extensions.swift */,
				8CDDE012216EE53A0037CA7D /* CGPoint+Extensions.swift */,
				8CDDE013216EE53A0037CA7D /* SKTEffects.swift */,
				8CDDE014216EE53A0037CA7D /* SKTAudio.swift */,
				8CDDE015216EE53A0037CA7D /* Vector3.swift */,
				8CDDE016216EE53A0037CA7D /* CGFloat+Extensions.swift */,
			);
			path = SKTUtils;
			sourceTree = "<group>";
		};
/* End PBXGroup section */

/* Begin PBXNativeTarget section */
		8C9664E6216DE8EB0057E4E0 /* RayBulletDemo */ = {
			isa = PBXNativeTarget;
			buildConfigurationList = 8C96650A216DE8EE0057E4E0 /* Build configuration list for PBXNativeTarget "RayBulletDemo" */;
			buildPhases = (
				8C9664E3216DE8EB0057E4E0 /* Sources */,
				8C9664E4216DE8EB0057E4E0 /* Frameworks */,
				8C9664E5216DE8EB0057E4E0 /* Resources */,
			);
			buildRules = (
			);
			dependencies = (
			);
			name = RayBulletDemo;
			productName = RayBulletDemo;
			productReference = 8C9664E7216DE8EB0057E4E0 /* RayBulletDemo.app */;
			productType = "com.apple.product-type.application";
		};
		8C966500216DE8EE0057E4E0 /* RayBulletDemoTests */ = {
			isa = PBXNativeTarget;
			buildConfigurationList = 8C96650D216DE8EE0057E4E0 /* Build configuration list for PBXNativeTarget "RayBulletDemoTests" */;
			buildPhases = (
				8C9664FD216DE8EE0057E4E0 /* Sources */,
				8C9664FE216DE8EE0057E4E0 /* Frameworks */,
				8C9664FF216DE8EE0057E4E0 /* Resources */,
			);
			buildRules = (
			);
			dependencies = (
				8C966503216DE8EE0057E4E0 /* PBXTargetDependency */,
			);
			name = RayBulletDemoTests;
			productName = RayBulletDemoTests;
			productReference = 8C966501216DE8EE0057E4E0 /* RayBulletDemoTests.xctest */;
			productType = "com.apple.product-type.bundle.unit-test";
		};
/* End PBXNativeTarget section */

/* Begin PBXProject section */
		8C9664DF216DE8EB0057E4E0 /* Project object */ = {
			isa = PBXProject;
			attributes = {
				LastSwiftUpdateCheck = 1000;
				LastUpgradeCheck = 1000;
				ORGANIZATIONNAME = cn17181;
				TargetAttributes = {
					8C9664E6216DE8EB0057E4E0 = {
						CreatedOnToolsVersion = 10.0;
					};
					8C966500216DE8EE0057E4E0 = {
						CreatedOnToolsVersion = 10.0;
						TestTargetID = 8C9664E6216DE8EB0057E4E0;
					};
				};
			};
			buildConfigurationList = 8C9664E2216DE8EB0057E4E0 /* Build configuration list for PBXProject "RayBulletDemo" */;
			compatibilityVersion = "Xcode 9.3";
			developmentRegion = en;
			hasScannedForEncodings = 0;
			knownRegions = (
				en,
				Base,
			);
			mainGroup = 8C9664DE216DE8EB0057E4E0;
			productRefGroup = 8C9664E8216DE8EB0057E4E0 /* Products */;
			projectDirPath = "";
			projectRoot = "";
			targets = (
				8C9664E6216DE8EB0057E4E0 /* RayBulletDemo */,
				8C966500216DE8EE0057E4E0 /* RayBulletDemoTests */,
			);
		};
/* End PBXProject section */

/* Begin PBXResourcesBuildPhase section */
		8C9664E5216DE8EB0057E4E0 /* Resources */ = {
			isa = PBXResourcesBuildPhase;
			buildActionMask = 2147483647;
			files = (
				8C9664F6216DE8EB0057E4E0 /* Main.storyboard in Resources */,
				8C9664ED216DE8EB0057E4E0 /* GameScene.sks in Resources */,
				8C966511216DF2DC0057E4E0 /* rayBullet.fsh in Resources */,
				04845A44216E362100705C99 /* fire.sks in Resources */,
				8C9664F8216DE8ED0057E4E0 /* Assets.xcassets in Resources */,
				8C9664FB216DE8ED0057E4E0 /* LaunchScreen.storyboard in Resources */,
				8C9664EF216DE8EB0057E4E0 /* Actions.sks in Resources */,
			);
			runOnlyForDeploymentPostprocessing = 0;
		};
		8C9664FF216DE8EE0057E4E0 /* Resources */ = {
			isa = PBXResourcesBuildPhase;
			buildActionMask = 2147483647;
			files = (
			);
			runOnlyForDeploymentPostprocessing = 0;
		};
/* End PBXResourcesBuildPhase section */

/* Begin PBXSourcesBuildPhase section */
		8C9664E3216DE8EB0057E4E0 /* Sources */ = {
			isa = PBXSourcesBuildPhase;
			buildActionMask = 2147483647;
			files = (
				04845A48216E49EA00705C99 /* RayBullet.swift in Sources */,
				8CDDE01E216EE53A0037CA7D /* CGPoint+Extensions.swift in Sources */,
				8C9664F1216DE8EB0057E4E0 /* GameScene.swift in Sources */,
				8CDDE01A216EE53A0037CA7D /* SKTTimingFunctions.swift in Sources */,
				8CDDE026216F306E0037CA7D /* PhysicsDefine.swift in Sources */,
				8CDDE01B216EE53A0037CA7D /* SKAction+Extensions.swift in Sources */,
				8CDDE022216EE53A0037CA7D /* CGFloat+Extensions.swift in Sources */,
				8CDDE024216F2AEF0037CA7D /* SpriteManager.swift in Sources */,
				8CDDE018216EE53A0037CA7D /* CGVector+Extensions.swift in Sources */,
				8CDDE020216EE53A0037CA7D /* SKTAudio.swift in Sources */,
				8C9664F3216DE8EB0057E4E0 /* GameViewController.swift in Sources */,
				8CDDE017216EE53A0037CA7D /* SKColor+Extensions.swift in Sources */,
				8CDDE01D216EE53A0037CA7D /* SKNode+Extensions.swift in Sources */,
				8CDDE01C216EE53A0037CA7D /* SKAction+SpecialEffects.swift in Sources */,
				8CDDE02C216F3F6D0037CA7D /* Enemy.swift in Sources */,
				04845A4C216E513600705C99 /* Hero.swift in Sources */,
				04845A4A216E4A1E00705C99 /* PathGenerator.swift in Sources */,
				8CDDE01F216EE53A0037CA7D /* SKTEffects.swift in Sources */,
				8C9664EB216DE8EB0057E4E0 /* AppDelegate.swift in Sources */,
				8CDDE021216EE53A0037CA7D /* Vector3.swift in Sources */,
				8CDDE019216EE53A0037CA7D /* Int+Extensions.swift in Sources */,
			);
			runOnlyForDeploymentPostprocessing = 0;
		};
		8C9664FD216DE8EE0057E4E0 /* Sources */ = {
			isa = PBXSourcesBuildPhase;
			buildActionMask = 2147483647;
			files = (
				8C966506216DE8EE0057E4E0 /* RayBulletDemoTests.swift in Sources */,
			);
			runOnlyForDeploymentPostprocessing = 0;
		};
/* End PBXSourcesBuildPhase section */

/* Begin PBXTargetDependency section */
		8C966503216DE8EE0057E4E0 /* PBXTargetDependency */ = {
			isa = PBXTargetDependency;
			target = 8C9664E6216DE8EB0057E4E0 /* RayBulletDemo */;
			targetProxy = 8C966502216DE8EE0057E4E0 /* PBXContainerItemProxy */;
		};
/* End PBXTargetDependency section */

/* Begin PBXVariantGroup section */
		8C9664F4216DE8EB0057E4E0 /* Main.storyboard */ = {
			isa = PBXVariantGroup;
			children = (
				8C9664F5216DE8EB0057E4E0 /* Base */,
			);
			name = Main.storyboard;
			sourceTree = "<group>";
		};
		8C9664F9216DE8ED0057E4E0 /* LaunchScreen.storyboard */ = {
			isa = PBXVariantGroup;
			children = (
				8C9664FA216DE8ED0057E4E0 /* Base */,
			);
			name = LaunchScreen.storyboard;
			sourceTree = "<group>";
		};
/* End PBXVariantGroup section */

/* Begin XCBuildConfiguration section */
		8C966508216DE8EE0057E4E0 /* Debug */ = {
			isa = XCBuildConfiguration;
			buildSettings = {
				ALWAYS_SEARCH_USER_PATHS = NO;
				CLANG_ANALYZER_NONNULL = YES;
				CLANG_ANALYZER_NUMBER_OBJECT_CONVERSION = YES_AGGRESSIVE;
				CLANG_CXX_LANGUAGE_STANDARD = "gnu++14";
				CLANG_CXX_LIBRARY = "libc++";
				CLANG_ENABLE_MODULES = YES;
				CLANG_ENABLE_OBJC_ARC = YES;
				CLANG_ENABLE_OBJC_WEAK = YES;
				CLANG_WARN_BLOCK_CAPTURE_AUTORELEASING = YES;
				CLANG_WARN_BOOL_CONVERSION = YES;
				CLANG_WARN_COMMA = YES;
				CLANG_WARN_CONSTANT_CONVERSION = YES;
				CLANG_WARN_DEPRECATED_OBJC_IMPLEMENTATIONS = YES;
				CLANG_WARN_DIRECT_OBJC_ISA_USAGE = YES_ERROR;
				CLANG_WARN_DOCUMENTATION_COMMENTS = YES;
				CLANG_WARN_EMPTY_BODY = YES;
				CLANG_WARN_ENUM_CONVERSION = YES;
				CLANG_WARN_INFINITE_RECURSION = YES;
				CLANG_WARN_INT_CONVERSION = YES;
				CLANG_WARN_NON_LITERAL_NULL_CONVERSION = YES;
				CLANG_WARN_OBJC_IMPLICIT_RETAIN_SELF = YES;
				CLANG_WARN_OBJC_LITERAL_CONVERSION = YES;
				CLANG_WARN_OBJC_ROOT_CLASS = YES_ERROR;
				CLANG_WARN_RANGE_LOOP_ANALYSIS = YES;
				CLANG_WARN_STRICT_PROTOTYPES = YES;
				CLANG_WARN_SUSPICIOUS_MOVE = YES;
				CLANG_WARN_UNGUARDED_AVAILABILITY = YES_AGGRESSIVE;
				CLANG_WARN_UNREACHABLE_CODE = YES;
				CLANG_WARN__DUPLICATE_METHOD_MATCH = YES;
				CODE_SIGN_IDENTITY = "iPhone Developer";
				COPY_PHASE_STRIP = NO;
				DEBUG_INFORMATION_FORMAT = dwarf;
				ENABLE_STRICT_OBJC_MSGSEND = YES;
				ENABLE_TESTABILITY = YES;
				GCC_C_LANGUAGE_STANDARD = gnu11;
				GCC_DYNAMIC_NO_PIC = NO;
				GCC_NO_COMMON_BLOCKS = YES;
				GCC_OPTIMIZATION_LEVEL = 0;
				GCC_PREPROCESSOR_DEFINITIONS = (
					"DEBUG=1",
					"$(inherited)",
				);
				GCC_WARN_64_TO_32_BIT_CONVERSION = YES;
				GCC_WARN_ABOUT_RETURN_TYPE = YES_ERROR;
				GCC_WARN_UNDECLARED_SELECTOR = YES;
				GCC_WARN_UNINITIALIZED_AUTOS = YES_AGGRESSIVE;
				GCC_WARN_UNUSED_FUNCTION = YES;
				GCC_WARN_UNUSED_VARIABLE = YES;
				IPHONEOS_DEPLOYMENT_TARGET = 12.0;
				MTL_ENABLE_DEBUG_INFO = INCLUDE_SOURCE;
				MTL_FAST_MATH = YES;
				ONLY_ACTIVE_ARCH = YES;
				SDKROOT = iphoneos;
				SWIFT_ACTIVE_COMPILATION_CONDITIONS = DEBUG;
				SWIFT_OPTIMIZATION_LEVEL = "-Onone";
			};
			name = Debug;
		};
		8C966509216DE8EE0057E4E0 /* Release */ = {
			isa = XCBuildConfiguration;
			buildSettings = {
				ALWAYS_SEARCH_USER_PATHS = NO;
				CLANG_ANALYZER_NONNULL = YES;
				CLANG_ANALYZER_NUMBER_OBJECT_CONVERSION = YES_AGGRESSIVE;
				CLANG_CXX_LANGUAGE_STANDARD = "gnu++14";
				CLANG_CXX_LIBRARY = "libc++";
				CLANG_ENABLE_MODULES = YES;
				CLANG_ENABLE_OBJC_ARC = YES;
				CLANG_ENABLE_OBJC_WEAK = YES;
				CLANG_WARN_BLOCK_CAPTURE_AUTORELEASING = YES;
				CLANG_WARN_BOOL_CONVERSION = YES;
				CLANG_WARN_COMMA = YES;
				CLANG_WARN_CONSTANT_CONVERSION = YES;
				CLANG_WARN_DEPRECATED_OBJC_IMPLEMENTATIONS = YES;
				CLANG_WARN_DIRECT_OBJC_ISA_USAGE = YES_ERROR;
				CLANG_WARN_DOCUMENTATION_COMMENTS = YES;
				CLANG_WARN_EMPTY_BODY = YES;
				CLANG_WARN_ENUM_CONVERSION = YES;
				CLANG_WARN_INFINITE_RECURSION = YES;
				CLANG_WARN_INT_CONVERSION = YES;
				CLANG_WARN_NON_LITERAL_NULL_CONVERSION = YES;
				CLANG_WARN_OBJC_IMPLICIT_RETAIN_SELF = YES;
				CLANG_WARN_OBJC_LITERAL_CONVERSION = YES;
				CLANG_WARN_OBJC_ROOT_CLASS = YES_ERROR;
				CLANG_WARN_RANGE_LOOP_ANALYSIS = YES;
				CLANG_WARN_STRICT_PROTOTYPES = YES;
				CLANG_WARN_SUSPICIOUS_MOVE = YES;
				CLANG_WARN_UNGUARDED_AVAILABILITY = YES_AGGRESSIVE;
				CLANG_WARN_UNREACHABLE_CODE = YES;
				CLANG_WARN__DUPLICATE_METHOD_MATCH = YES;
				CODE_SIGN_IDENTITY = "iPhone Developer";
				COPY_PHASE_STRIP = NO;
				DEBUG_INFORMATION_FORMAT = "dwarf-with-dsym";
				ENABLE_NS_ASSERTIONS = NO;
				ENABLE_STRICT_OBJC_MSGSEND = YES;
				GCC_C_LANGUAGE_STANDARD = gnu11;
				GCC_NO_COMMON_BLOCKS = YES;
				GCC_WARN_64_TO_32_BIT_CONVERSION = YES;
				GCC_WARN_ABOUT_RETURN_TYPE = YES_ERROR;
				GCC_WARN_UNDECLARED_SELECTOR = YES;
				GCC_WARN_UNINITIALIZED_AUTOS = YES_AGGRESSIVE;
				GCC_WARN_UNUSED_FUNCTION = YES;
				GCC_WARN_UNUSED_VARIABLE = YES;
				IPHONEOS_DEPLOYMENT_TARGET = 12.0;
				MTL_ENABLE_DEBUG_INFO = NO;
				MTL_FAST_MATH = YES;
				SDKROOT = iphoneos;
				SWIFT_COMPILATION_MODE = wholemodule;
				SWIFT_OPTIMIZATION_LEVEL = "-O";
				VALIDATE_PRODUCT = YES;
			};
			name = Release;
		};
		8C96650B216DE8EE0057E4E0 /* Debug */ = {
			isa = XCBuildConfiguration;
			buildSettings = {
				ASSETCATALOG_COMPILER_APPICON_NAME = AppIcon;
				CODE_SIGN_STYLE = Automatic;
				INFOPLIST_FILE = RayBulletDemo/Info.plist;
				LD_RUNPATH_SEARCH_PATHS = (
					"$(inherited)",
					"@executable_path/Frameworks",
				);
				PRODUCT_BUNDLE_IDENTIFIER = com.ruiju.corp.RayBulletDemo;
				PRODUCT_NAME = "$(TARGET_NAME)";
				SWIFT_VERSION = 4.2;
				TARGETED_DEVICE_FAMILY = "1,2";
			};
			name = Debug;
		};
		8C96650C216DE8EE0057E4E0 /* Release */ = {
			isa = XCBuildConfiguration;
			buildSettings = {
				ASSETCATALOG_COMPILER_APPICON_NAME = AppIcon;
				CODE_SIGN_STYLE = Automatic;
				INFOPLIST_FILE = RayBulletDemo/Info.plist;
				LD_RUNPATH_SEARCH_PATHS = (
					"$(inherited)",
					"@executable_path/Frameworks",
				);
				PRODUCT_BUNDLE_IDENTIFIER = com.ruiju.corp.RayBulletDemo;
				PRODUCT_NAME = "$(TARGET_NAME)";
				SWIFT_VERSION = 4.2;
				TARGETED_DEVICE_FAMILY = "1,2";
			};
			name = Release;
		};
		8C96650E216DE8EE0057E4E0 /* Debug */ = {
			isa = XCBuildConfiguration;
			buildSettings = {
				ALWAYS_EMBED_SWIFT_STANDARD_LIBRARIES = YES;
				BUNDLE_LOADER = "$(TEST_HOST)";
				CODE_SIGN_STYLE = Automatic;
				INFOPLIST_FILE = RayBulletDemoTests/Info.plist;
				LD_RUNPATH_SEARCH_PATHS = (
					"$(inherited)",
					"@executable_path/Frameworks",
					"@loader_path/Frameworks",
				);
				PRODUCT_BUNDLE_IDENTIFIER = com.ruiju.corp.RayBulletDemoTests;
				PRODUCT_NAME = "$(TARGET_NAME)";
				SWIFT_VERSION = 4.2;
				TARGETED_DEVICE_FAMILY = "1,2";
				TEST_HOST = "$(BUILT_PRODUCTS_DIR)/RayBulletDemo.app/RayBulletDemo";
			};
			name = Debug;
		};
		8C96650F216DE8EE0057E4E0 /* Release */ = {
			isa = XCBuildConfiguration;
			buildSettings = {
				ALWAYS_EMBED_SWIFT_STANDARD_LIBRARIES = YES;
				BUNDLE_LOADER = "$(TEST_HOST)";
				CODE_SIGN_STYLE = Automatic;
				INFOPLIST_FILE = RayBulletDemoTests/Info.plist;
				LD_RUNPATH_SEARCH_PATHS = (
					"$(inherited)",
					"@executable_path/Frameworks",
					"@loader_path/Frameworks",
				);
				PRODUCT_BUNDLE_IDENTIFIER = com.ruiju.corp.RayBulletDemoTests;
				PRODUCT_NAME = "$(TARGET_NAME)";
				SWIFT_VERSION = 4.2;
				TARGETED_DEVICE_FAMILY = "1,2";
				TEST_HOST = "$(BUILT_PRODUCTS_DIR)/RayBulletDemo.app/RayBulletDemo";
			};
			name = Release;
		};
/* End XCBuildConfiguration section */

/* Begin XCConfigurationList section */
		8C9664E2216DE8EB0057E4E0 /* Build configuration list for PBXProject "RayBulletDemo" */ = {
			isa = XCConfigurationList;
			buildConfigurations = (
				8C966508216DE8EE0057E4E0 /* Debug */,
				8C966509216DE8EE0057E4E0 /* Release */,
			);
			defaultConfigurationIsVisible = 0;
			defaultConfigurationName = Release;
		};
		8C96650A216DE8EE0057E4E0 /* Build configuration list for PBXNativeTarget "RayBulletDemo" */ = {
			isa = XCConfigurationList;
			buildConfigurations = (
				8C96650B216DE8EE0057E4E0 /* Debug */,
				8C96650C216DE8EE0057E4E0 /* Release */,
			);
			defaultConfigurationIsVisible = 0;
			defaultConfigurationName = Release;
		};
		8C96650D216DE8EE0057E4E0 /* Build configuration list for PBXNativeTarget "RayBulletDemoTests" */ = {
			isa = XCConfigurationList;
			buildConfigurations = (
				8C96650E216DE8EE0057E4E0 /* Debug */,
				8C96650F216DE8EE0057E4E0 /* Release */,
			);
			defaultConfigurationIsVisible = 0;
			defaultConfigurationName = Release;
		};
/* End XCConfigurationList section */
	};
	rootObject = 8C9664DF216DE8EB0057E4E0 /* Project object */;
}
